
Microsoft Visual Studio Solution File, Format Version 12.00
# Visual Studio 14
VisualStudioVersion = 14.0.25420.1
MinimumVisualStudioVersion = 10.0.40219.1
Project("{FAE04EC0-301F-11D3-BF4B-00C04F79EFBC}") = "AlexaSkill", "AlexaSkill\AlexaSkill.csproj", "{42FB9336-33E9-4513-A246-56B23CB12F94}"
EndProject
Project("{CC5FD16D-436D-48AD-A40C-5A424C6E3E79}") = "AlexaSkill.Azure", "AlexaSkill.Azure\AlexaSkill.Azure.ccproj", "{C0044BCE-B162-49F3-8BF0-7ED8CDCD00F3}"
EndProject
Project("{FAE04EC0-301F-11D3-BF4B-00C04F79EFBC}") = "AlexaPOCDataModel", "AlexaPOCDataModel\AlexaPOCDataModel.csproj", "{9AB8B082-D388-4C0E-B607-1EADAF80D026}"
EndProject
Global
	GlobalSection(SolutionConfigurationPlatforms) = preSolution
		Debug|Any CPU = Debug|Any CPU
		Release|Any CPU = Release|Any CPU
	EndGlobalSection
	GlobalSection(ProjectConfigurationPlatforms) = postSolution
		{42FB9336-33E9-4513-A246-56B23CB12F94}.Debug|Any CPU.ActiveCfg = Debug|Any CPU
		{42FB9336-33E9-4513-A246-56B23CB12F94}.Debug|Any CPU.Build.0 = Debug|Any CPU
		{42FB9336-33E9-4513-A246-56B23CB12F94}.Release|Any CPU.ActiveCfg = Release|Any CPU
		{42FB9336-33E9-4513-A246-56B23CB12F94}.Release|Any CPU.Build.0 = Release|Any CPU
		{C0044BCE-B162-49F3-8BF0-7ED8CDCD00F3}.Debug|Any CPU.ActiveCfg = Debug|Any CPU
		{C0044BCE-B162-49F3-8BF0-7ED8CDCD00F3}.Debug|Any CPU.Build.0 = Debug|Any CPU
		{C0044BCE-B162-49F3-8BF0-7ED8CDCD00F3}.Release|Any CPU.ActiveCfg = Release|Any CPU
		{C0044BCE-B162-49F3-8BF0-7ED8CDCD00F3}.Release|Any CPU.Build.0 = Release|Any CPU
		{9AB8B082-D388-4C0E-B607-1EADAF80D026}.Debug|Any CPU.ActiveCfg = Debug|Any CPU
		{9AB8B082-D388-4C0E-B607-1EADAF80D026}.Debug|Any CPU.Build.0 = Debug|Any CPU
		{9AB8B082-D388-4C0E-B607-1EADAF80D026}.Release|Any CPU.ActiveCfg = Release|Any CPU
		{9AB8B082-D388-4C0E-B607-1EADAF80D026}.Release|Any CPU.Build.0 = Release|Any CPU
	EndGlobalSection
	GlobalSection(SolutionProperties) = preSolution
		HideSolutionNode = FALSE
	EndGlobalSection
EndGlobal
